
Microsoft Visual Studio Solution File, Format Version 12.00
Project("{FAE04EC0-301F-11D3-BF4B-00C04F79EFBC}") = "Rytme.Recommendation.WebApi", "Rytme.Recommendation.WebApi\Rytme.Recommendation.WebApi.csproj", "{4A1B70C9-B5FE-44E4-986F-8CE74FB7C832}"
EndProject
Global
	GlobalSection(SolutionConfigurationPlatforms) = preSolution
		Debug|Any CPU = Debug|Any CPU
		Release|Any CPU = Release|Any CPU
	EndGlobalSection
	GlobalSection(ProjectConfigurationPlatforms) = postSolution
		{4A1B70C9-B5FE-44E4-986F-8CE74FB7C832}.Debug|Any CPU.ActiveCfg = Debug|Any CPU
		{4A1B70C9-B5FE-44E4-986F-8CE74FB7C832}.Debug|Any CPU.Build.0 = Debug|Any CPU
		{4A1B70C9-B5FE-44E4-986F-8CE74FB7C832}.Release|Any CPU.ActiveCfg = Release|Any CPU
		{4A1B70C9-B5FE-44E4-986F-8CE74FB7C832}.Release|Any CPU.Build.0 = Release|Any CPU
	EndGlobalSection
EndGlobal
